
Microsoft Visual Studio Solution File, Format Version 12.00
# Visual Studio 15
VisualStudioVersion = 15.0.28307.645
MinimumVisualStudioVersion = 10.0.40219.1
Project("{F184B08F-C81C-45F6-A57F-5ABD9991F28F}") = "Base64-Image", "Base64-Image\Base64-Image.vbproj", "{1EE7C1D4-A776-4A9D-85DE-6897E052FA6C}"
EndProject
Global
	GlobalSection(SolutionConfigurationPlatforms) = preSolution
		Debug|Any CPU = Debug|Any CPU
		Release|Any CPU = Release|Any CPU
	EndGlobalSection
	GlobalSection(ProjectConfigurationPlatforms) = postSolution
		{1EE7C1D4-A776-4A9D-85DE-6897E052FA6C}.Debug|Any CPU.ActiveCfg = Debug|Any CPU
		{1EE7C1D4-A776-4A9D-85DE-6897E052FA6C}.Debug|Any CPU.Build.0 = Debug|Any CPU
		{1EE7C1D4-A776-4A9D-85DE-6897E052FA6C}.Release|Any CPU.ActiveCfg = Release|Any CPU
		{1EE7C1D4-A776-4A9D-85DE-6897E052FA6C}.Release|Any CPU.Build.0 = Release|Any CPU
	EndGlobalSection
	GlobalSection(SolutionProperties) = preSolution
		HideSolutionNode = FALSE
	EndGlobalSection
	GlobalSection(ExtensibilityGlobals) = postSolution
		SolutionGuid = {336B245B-8EDE-4B0B-B626-76980EFE2C69}
	EndGlobalSection
EndGlobal
